
Microsoft Visual Studio Solution File, Format Version 12.00
# Visual Studio Version 17
VisualStudioVersion = 17.8.34511.84
MinimumVisualStudioVersion = 10.0.40219.1
Project("{FAE04EC0-301F-11D3-BF4B-00C04F79EFBC}") = "Business.API", "Business.API\Business.API.csproj", "{CD568D68-649F-4D30-BD44-A4BABE7D0A09}"
EndProject
Global
	GlobalSection(SolutionConfigurationPlatforms) = preSolution
		Debug|Any CPU = Debug|Any CPU
		Release|Any CPU = Release|Any CPU
	EndGlobalSection
	GlobalSection(ProjectConfigurationPlatforms) = postSolution
		{CD568D68-649F-4D30-BD44-A4BABE7D0A09}.Debug|Any CPU.ActiveCfg = Debug|Any CPU
		{CD568D68-649F-4D30-BD44-A4BABE7D0A09}.Debug|Any CPU.Build.0 = Debug|Any CPU
		{CD568D68-649F-4D30-BD44-A4BABE7D0A09}.Release|Any CPU.ActiveCfg = Release|Any CPU
		{CD568D68-649F-4D30-BD44-A4BABE7D0A09}.Release|Any CPU.Build.0 = Release|Any CPU
	EndGlobalSection
	GlobalSection(SolutionProperties) = preSolution
		HideSolutionNode = FALSE
	EndGlobalSection
	GlobalSection(ExtensibilityGlobals) = postSolution
		SolutionGuid = {4EFF4121-42DC-4E5E-B12A-2792FF9FF8C1}
	EndGlobalSection
EndGlobal
